
Microsoft Visual Studio Solution File, Format Version 12.00
# Visual Studio Version 16
VisualStudioVersion = 16.0.29920.165
MinimumVisualStudioVersion = 10.0.40219.1
Project("{FAE04EC0-301F-11D3-BF4B-00C04F79EFBC}") = "MicIcon", "MicIcon.csproj", "{77DEFC6F-E75B-451C-A785-BFEE7F78FCAE}"
EndProject
Global
	GlobalSection(SolutionConfigurationPlatforms) = preSolution
		Debug|Any CPU = Debug|Any CPU
		Release|Any CPU = Release|Any CPU
	EndGlobalSection
	GlobalSection(ProjectConfigurationPlatforms) = postSolution
		{77DEFC6F-E75B-451C-A785-BFEE7F78FCAE}.Debug|Any CPU.ActiveCfg = Debug|Any CPU
		{77DEFC6F-E75B-451C-A785-BFEE7F78FCAE}.Debug|Any CPU.Build.0 = Debug|Any CPU
		{77DEFC6F-E75B-451C-A785-BFEE7F78FCAE}.Release|Any CPU.ActiveCfg = Release|Any CPU
		{77DEFC6F-E75B-451C-A785-BFEE7F78FCAE}.Release|Any CPU.Build.0 = Release|Any CPU
	EndGlobalSection
	GlobalSection(SolutionProperties) = preSolution
		HideSolutionNode = FALSE
	EndGlobalSection
	GlobalSection(ExtensibilityGlobals) = postSolution
		SolutionGuid = {766ACFE5-EF2A-41EE-8DF8-1FB3250D117C}
	EndGlobalSection
EndGlobal
